
Microsoft Visual Studio Solution File, Format Version 12.00
# Visual Studio Version 17
VisualStudioVersion = 17.8.34511.84
MinimumVisualStudioVersion = 10.0.40219.1
Project("{FAE04EC0-301F-11D3-BF4B-00C04F79EFBC}") = "Aquarium", "Aquarium.csproj", "{F19DDCE5-A875-4CB2-B16C-419D0774F40C}"
EndProject
Global
	GlobalSection(SolutionConfigurationPlatforms) = preSolution
		Debug|Any CPU = Debug|Any CPU
		Release|Any CPU = Release|Any CPU
	EndGlobalSection
	GlobalSection(ProjectConfigurationPlatforms) = postSolution
		{F19DDCE5-A875-4CB2-B16C-419D0774F40C}.Debug|Any CPU.ActiveCfg = Debug|Any CPU
		{F19DDCE5-A875-4CB2-B16C-419D0774F40C}.Debug|Any CPU.Build.0 = Debug|Any CPU
		{F19DDCE5-A875-4CB2-B16C-419D0774F40C}.Release|Any CPU.ActiveCfg = Release|Any CPU
		{F19DDCE5-A875-4CB2-B16C-419D0774F40C}.Release|Any CPU.Build.0 = Release|Any CPU
	EndGlobalSection
	GlobalSection(SolutionProperties) = preSolution
		HideSolutionNode = FALSE
	EndGlobalSection
	GlobalSection(ExtensibilityGlobals) = postSolution
		SolutionGuid = {82104AB2-2F76-48EC-A21E-49E4220A0938}
	EndGlobalSection
EndGlobal
